// !$*UTF8*$!
{
	archiveVersion = 1;
	classes = {
	};
	objectVersion = 55;
	objects = {

/* Begin PBXBuildFile section */
		C315731428814F7600C911D0 /* LoginInputView.swift in Sources */ = {isa = PBXBuildFile; fileRef = C315731328814F7600C911D0 /* LoginInputView.swift */; };
		C3157318288151F900C911D0 /* Keychain in Frameworks */ = {isa = PBXBuildFile; productRef = C3157317288151F900C911D0 /* Keychain */; };
		C315731A2881543900C911D0 /* KeychainServiceProtocol.swift in Sources */ = {isa = PBXBuildFile; fileRef = C31573192881543900C911D0 /* KeychainServiceProtocol.swift */; };
		C315731C28815A3900C911D0 /* AccessToken.swift in Sources */ = {isa = PBXBuildFile; fileRef = C315731B28815A3900C911D0 /* AccessToken.swift */; };
		C31573202881680700C911D0 /* UserViewController.swift in Sources */ = {isa = PBXBuildFile; fileRef = C315731F2881680700C911D0 /* UserViewController.swift */; };
		C315732428819CA700C911D0 /* LoginUseCase.swift in Sources */ = {isa = PBXBuildFile; fileRef = C315732328819CA700C911D0 /* LoginUseCase.swift */; };
		C31573292881A19A00C911D0 /* LoginDataSource.swift in Sources */ = {isa = PBXBuildFile; fileRef = C31573282881A19A00C911D0 /* LoginDataSource.swift */; };
		C315732D2881B02500C911D0 /* TokenError.swift in Sources */ = {isa = PBXBuildFile; fileRef = C315732C2881B02500C911D0 /* TokenError.swift */; };
		C315732F2881B3B800C911D0 /* LoginDataSourceProtocol.swift in Sources */ = {isa = PBXBuildFile; fileRef = C315732E2881B3B800C911D0 /* LoginDataSourceProtocol.swift */; };
		C31573312881B92800C911D0 /* LoginUseCaseProtocol.swift in Sources */ = {isa = PBXBuildFile; fileRef = C31573302881B92800C911D0 /* LoginUseCaseProtocol.swift */; };
		C3157334288EBBAE00C911D0 /* QuizViewController.swift in Sources */ = {isa = PBXBuildFile; fileRef = C3157333288EBBAE00C911D0 /* QuizViewController.swift */; };
		C3238AF1288ECE8F005A8DEC /* UserViewModel.swift in Sources */ = {isa = PBXBuildFile; fileRef = C3238AF0288ECE8F005A8DEC /* UserViewModel.swift */; };
		C3238AF4288ED0C6005A8DEC /* UserUseCase.swift in Sources */ = {isa = PBXBuildFile; fileRef = C3238AF3288ED0C6005A8DEC /* UserUseCase.swift */; };
		C3238AF6288ED0DA005A8DEC /* UserUseCaseProtocol.swift in Sources */ = {isa = PBXBuildFile; fileRef = C3238AF5288ED0DA005A8DEC /* UserUseCaseProtocol.swift */; };
		C354B509287C0D4E000869CC /* LoginViewModel.swift in Sources */ = {isa = PBXBuildFile; fileRef = C354B508287C0D4E000869CC /* LoginViewModel.swift */; };
		C354B50B287C5CB2000869CC /* AppRouter.swift in Sources */ = {isa = PBXBuildFile; fileRef = C354B50A287C5CB2000869CC /* AppRouter.swift */; };
		C354B50F287D5A84000869CC /* UserClient.swift in Sources */ = {isa = PBXBuildFile; fileRef = C354B50E287D5A84000869CC /* UserClient.swift */; };
		C354B511287D6189000869CC /* LoginResponse.swift in Sources */ = {isa = PBXBuildFile; fileRef = C354B510287D6189000869CC /* LoginResponse.swift */; };
		C354B513287D9C0E000869CC /* CustomTextFieldType.swift in Sources */ = {isa = PBXBuildFile; fileRef = C354B512287D9C0E000869CC /* CustomTextFieldType.swift */; };
		C354B515287D9FCA000869CC /* ConstructViewsProtocol.swift in Sources */ = {isa = PBXBuildFile; fileRef = C354B514287D9FCA000869CC /* ConstructViewsProtocol.swift */; };
		C361D7BB287EFF1300C8C509 /* RequestError.swift in Sources */ = {isa = PBXBuildFile; fileRef = C361D7BA287EFF1300C8C509 /* RequestError.swift */; };
		C361D7BD287F049400C8C509 /* UserClientProtocol.swift in Sources */ = {isa = PBXBuildFile; fileRef = C361D7BC287F049400C8C509 /* UserClientProtocol.swift */; };
		C38A296F288016C300DD7EB9 /* KeychainService.swift in Sources */ = {isa = PBXBuildFile; fileRef = C38A296E288016C300DD7EB9 /* KeychainService.swift */; };
		C38A29752880531F00DD7EB9 /* AppDependencies.swift in Sources */ = {isa = PBXBuildFile; fileRef = C38A29742880531F00DD7EB9 /* AppDependencies.swift */; };
		C3C39E902876E1AB003726A5 /* AppDelegate.swift in Sources */ = {isa = PBXBuildFile; fileRef = C3C39E8F2876E1AB003726A5 /* AppDelegate.swift */; };
		C3C39E922876E1AB003726A5 /* SceneDelegate.swift in Sources */ = {isa = PBXBuildFile; fileRef = C3C39E912876E1AB003726A5 /* SceneDelegate.swift */; };
		C3C39E992876E1AF003726A5 /* Assets.xcassets in Resources */ = {isa = PBXBuildFile; fileRef = C3C39E982876E1AF003726A5 /* Assets.xcassets */; };
		C3C39E9C2876E1AF003726A5 /* LaunchScreen.storyboard in Resources */ = {isa = PBXBuildFile; fileRef = C3C39E9A2876E1AF003726A5 /* LaunchScreen.storyboard */; };
		C3C39EA528772F30003726A5 /* LoginViewController.swift in Sources */ = {isa = PBXBuildFile; fileRef = C3C39EA428772F30003726A5 /* LoginViewController.swift */; };
		C3C39EA8287811E8003726A5 /* SnapKit in Frameworks */ = {isa = PBXBuildFile; productRef = C3C39EA7287811E8003726A5 /* SnapKit */; };
/* End PBXBuildFile section */

/* Begin PBXFileReference section */
		C315731328814F7600C911D0 /* LoginInputView.swift */ = {isa = PBXFileReference; fileEncoding = 4; lastKnownFileType = sourcecode.swift; path = LoginInputView.swift; sourceTree = "<group>"; };
		C31573192881543900C911D0 /* KeychainServiceProtocol.swift */ = {isa = PBXFileReference; lastKnownFileType = sourcecode.swift; path = KeychainServiceProtocol.swift; sourceTree = "<group>"; };
		C315731B28815A3900C911D0 /* AccessToken.swift */ = {isa = PBXFileReference; lastKnownFileType = sourcecode.swift; path = AccessToken.swift; sourceTree = "<group>"; };
		C315731F2881680700C911D0 /* UserViewController.swift */ = {isa = PBXFileReference; lastKnownFileType = sourcecode.swift; path = UserViewController.swift; sourceTree = "<group>"; };
		C315732328819CA700C911D0 /* LoginUseCase.swift */ = {isa = PBXFileReference; lastKnownFileType = sourcecode.swift; path = LoginUseCase.swift; sourceTree = "<group>"; };
		C31573282881A19A00C911D0 /* LoginDataSource.swift */ = {isa = PBXFileReference; lastKnownFileType = sourcecode.swift; path = LoginDataSource.swift; sourceTree = "<group>"; };
		C315732C2881B02500C911D0 /* TokenError.swift */ = {isa = PBXFileReference; lastKnownFileType = sourcecode.swift; path = TokenError.swift; sourceTree = "<group>"; };
		C315732E2881B3B800C911D0 /* LoginDataSourceProtocol.swift */ = {isa = PBXFileReference; lastKnownFileType = sourcecode.swift; path = LoginDataSourceProtocol.swift; sourceTree = "<group>"; };
		C31573302881B92800C911D0 /* LoginUseCaseProtocol.swift */ = {isa = PBXFileReference; lastKnownFileType = sourcecode.swift; path = LoginUseCaseProtocol.swift; sourceTree = "<group>"; };
		C3157333288EBBAE00C911D0 /* QuizViewController.swift */ = {isa = PBXFileReference; lastKnownFileType = sourcecode.swift; path = QuizViewController.swift; sourceTree = "<group>"; };
		C3238AF0288ECE8F005A8DEC /* UserViewModel.swift */ = {isa = PBXFileReference; lastKnownFileType = sourcecode.swift; path = UserViewModel.swift; sourceTree = "<group>"; };
		C3238AF3288ED0C6005A8DEC /* UserUseCase.swift */ = {isa = PBXFileReference; lastKnownFileType = sourcecode.swift; path = UserUseCase.swift; sourceTree = "<group>"; };
		C3238AF5288ED0DA005A8DEC /* UserUseCaseProtocol.swift */ = {isa = PBXFileReference; lastKnownFileType = sourcecode.swift; path = UserUseCaseProtocol.swift; sourceTree = "<group>"; };
		C354B508287C0D4E000869CC /* LoginViewModel.swift */ = {isa = PBXFileReference; lastKnownFileType = sourcecode.swift; path = LoginViewModel.swift; sourceTree = "<group>"; };
		C354B50A287C5CB2000869CC /* AppRouter.swift */ = {isa = PBXFileReference; lastKnownFileType = sourcecode.swift; path = AppRouter.swift; sourceTree = "<group>"; };
		C354B50E287D5A84000869CC /* UserClient.swift */ = {isa = PBXFileReference; lastKnownFileType = sourcecode.swift; path = UserClient.swift; sourceTree = "<group>"; };
		C354B510287D6189000869CC /* LoginResponse.swift */ = {isa = PBXFileReference; lastKnownFileType = sourcecode.swift; path = LoginResponse.swift; sourceTree = "<group>"; };
		C354B512287D9C0E000869CC /* CustomTextFieldType.swift */ = {isa = PBXFileReference; lastKnownFileType = sourcecode.swift; path = CustomTextFieldType.swift; sourceTree = "<group>"; };
		C354B514287D9FCA000869CC /* ConstructViewsProtocol.swift */ = {isa = PBXFileReference; lastKnownFileType = sourcecode.swift; path = ConstructViewsProtocol.swift; sourceTree = "<group>"; };
		C361D7BA287EFF1300C8C509 /* RequestError.swift */ = {isa = PBXFileReference; lastKnownFileType = sourcecode.swift; path = RequestError.swift; sourceTree = "<group>"; };
		C361D7BC287F049400C8C509 /* UserClientProtocol.swift */ = {isa = PBXFileReference; lastKnownFileType = sourcecode.swift; path = UserClientProtocol.swift; sourceTree = "<group>"; };
		C38A296E288016C300DD7EB9 /* KeychainService.swift */ = {isa = PBXFileReference; lastKnownFileType = sourcecode.swift; path = KeychainService.swift; sourceTree = "<group>"; };
		C38A29742880531F00DD7EB9 /* AppDependencies.swift */ = {isa = PBXFileReference; lastKnownFileType = sourcecode.swift; path = AppDependencies.swift; sourceTree = "<group>"; };
		C3C39E8C2876E1AB003726A5 /* QuizApp.app */ = {isa = PBXFileReference; explicitFileType = wrapper.application; includeInIndex = 0; path = QuizApp.app; sourceTree = BUILT_PRODUCTS_DIR; };
		C3C39E8F2876E1AB003726A5 /* AppDelegate.swift */ = {isa = PBXFileReference; lastKnownFileType = sourcecode.swift; path = AppDelegate.swift; sourceTree = "<group>"; };
		C3C39E912876E1AB003726A5 /* SceneDelegate.swift */ = {isa = PBXFileReference; lastKnownFileType = sourcecode.swift; path = SceneDelegate.swift; sourceTree = "<group>"; };
		C3C39E982876E1AF003726A5 /* Assets.xcassets */ = {isa = PBXFileReference; lastKnownFileType = folder.assetcatalog; path = Assets.xcassets; sourceTree = "<group>"; };
		C3C39E9B2876E1AF003726A5 /* Base */ = {isa = PBXFileReference; lastKnownFileType = file.storyboard; name = Base; path = Base.lproj/LaunchScreen.storyboard; sourceTree = "<group>"; };
		C3C39E9D2876E1AF003726A5 /* Info.plist */ = {isa = PBXFileReference; lastKnownFileType = text.plist.xml; path = Info.plist; sourceTree = "<group>"; };
		C3C39EA428772F30003726A5 /* LoginViewController.swift */ = {isa = PBXFileReference; lastKnownFileType = sourcecode.swift; path = LoginViewController.swift; sourceTree = "<group>"; };
/* End PBXFileReference section */

/* Begin PBXFrameworksBuildPhase section */
		C3C39E892876E1AB003726A5 /* Frameworks */ = {
			isa = PBXFrameworksBuildPhase;
			buildActionMask = 2147483647;
			files = (
				C3157318288151F900C911D0 /* Keychain in Frameworks */,
				C3C39EA8287811E8003726A5 /* SnapKit in Frameworks */,
			);
			runOnlyForDeploymentPostprocessing = 0;
		};
/* End PBXFrameworksBuildPhase section */

/* Begin PBXGroup section */
		C315730E28806C0F00C911D0 /* Login */ = {
			isa = PBXGroup;
			children = (
				C31573252881A15300C911D0 /* DataSource */,
				C315732228819BCC00C911D0 /* UseCase */,
				C315731528814FBC00C911D0 /* Service */,
				C315731028806C6600C911D0 /* Client */,
				C315730F28806C4100C911D0 /* View */,
			);
			path = Login;
			sourceTree = "<group>";
		};
		C315730F28806C4100C911D0 /* View */ = {
			isa = PBXGroup;
			children = (
				C354B508287C0D4E000869CC /* LoginViewModel.swift */,
				C3C39EA428772F30003726A5 /* LoginViewController.swift */,
				C315731328814F7600C911D0 /* LoginInputView.swift */,
				C354B512287D9C0E000869CC /* CustomTextFieldType.swift */,
			);
			path = View;
			sourceTree = "<group>";
		};
		C315731028806C6600C911D0 /* Client */ = {
			isa = PBXGroup;
			children = (
				C31573262881A16F00C911D0 /* Models */,
				C361D7BC287F049400C8C509 /* UserClientProtocol.swift */,
				C354B50E287D5A84000869CC /* UserClient.swift */,
			);
			path = Client;
			sourceTree = "<group>";
		};
		C315731528814FBC00C911D0 /* Service */ = {
			isa = PBXGroup;
			children = (
				C38A296E288016C300DD7EB9 /* KeychainService.swift */,
				C31573192881543900C911D0 /* KeychainServiceProtocol.swift */,
				C315731B28815A3900C911D0 /* AccessToken.swift */,
			);
			path = Service;
			sourceTree = "<group>";
		};
		C315731D288167DC00C911D0 /* User */ = {
			isa = PBXGroup;
			children = (
				C3238AF2288ED0B1005A8DEC /* UseCase */,
				C315732128818E7100C911D0 /* Client */,
				C315731E288167F300C911D0 /* View */,
			);
			path = User;
			sourceTree = "<group>";
		};
		C315731E288167F300C911D0 /* View */ = {
			isa = PBXGroup;
			children = (
				C315731F2881680700C911D0 /* UserViewController.swift */,
				C3238AF0288ECE8F005A8DEC /* UserViewModel.swift */,
			);
			path = View;
			sourceTree = "<group>";
		};
		C315732128818E7100C911D0 /* Client */ = {
			isa = PBXGroup;
			children = (
			);
			path = Client;
			sourceTree = "<group>";
		};
		C315732228819BCC00C911D0 /* UseCase */ = {
			isa = PBXGroup;
			children = (
				C315732328819CA700C911D0 /* LoginUseCase.swift */,
				C31573302881B92800C911D0 /* LoginUseCaseProtocol.swift */,
			);
			path = UseCase;
			sourceTree = "<group>";
		};
		C31573252881A15300C911D0 /* DataSource */ = {
			isa = PBXGroup;
			children = (
				C31573272881A18300C911D0 /* Models */,
				C31573282881A19A00C911D0 /* LoginDataSource.swift */,
				C315732E2881B3B800C911D0 /* LoginDataSourceProtocol.swift */,
			);
			path = DataSource;
			sourceTree = "<group>";
		};
		C31573262881A16F00C911D0 /* Models */ = {
			isa = PBXGroup;
			children = (
				C361D7BA287EFF1300C8C509 /* RequestError.swift */,
				C354B510287D6189000869CC /* LoginResponse.swift */,
			);
			path = Models;
			sourceTree = "<group>";
		};
		C31573272881A18300C911D0 /* Models */ = {
			isa = PBXGroup;
			children = (
				C315732C2881B02500C911D0 /* TokenError.swift */,
			);
			path = Models;
			sourceTree = "<group>";
		};
		C3157332288EBB8000C911D0 /* Quiz */ = {
			isa = PBXGroup;
			children = (
				C3157333288EBBAE00C911D0 /* QuizViewController.swift */,
			);
			path = Quiz;
			sourceTree = "<group>";
		};
		C3238AF2288ED0B1005A8DEC /* UseCase */ = {
			isa = PBXGroup;
			children = (
				C3238AF3288ED0C6005A8DEC /* UserUseCase.swift */,
				C3238AF5288ED0DA005A8DEC /* UserUseCaseProtocol.swift */,
			);
			path = UseCase;
			sourceTree = "<group>";
		};
		C3C39E832876E1AB003726A5 = {
			isa = PBXGroup;
			children = (
				C3C39E8E2876E1AB003726A5 /* QuizApp */,
				C3C39E8D2876E1AB003726A5 /* Products */,
			);
			sourceTree = "<group>";
		};
		C3C39E8D2876E1AB003726A5 /* Products */ = {
			isa = PBXGroup;
			children = (
				C3C39E8C2876E1AB003726A5 /* QuizApp.app */,
			);
			name = Products;
			sourceTree = "<group>";
		};
		C3C39E8E2876E1AB003726A5 /* QuizApp */ = {
			isa = PBXGroup;
			children = (
				C3C39E8F2876E1AB003726A5 /* AppDelegate.swift */,
				C3C39E912876E1AB003726A5 /* SceneDelegate.swift */,
				C354B50A287C5CB2000869CC /* AppRouter.swift */,
				C38A29742880531F00DD7EB9 /* AppDependencies.swift */,
				C354B514287D9FCA000869CC /* ConstructViewsProtocol.swift */,
				C315730E28806C0F00C911D0 /* Login */,
				C315731D288167DC00C911D0 /* User */,
				C3157332288EBB8000C911D0 /* Quiz */,
				C3C39E982876E1AF003726A5 /* Assets.xcassets */,
				C3C39E9A2876E1AF003726A5 /* LaunchScreen.storyboard */,
				C3C39E9D2876E1AF003726A5 /* Info.plist */,
			);
			path = QuizApp;
			sourceTree = "<group>";
		};
/* End PBXGroup section */

/* Begin PBXNativeTarget section */
		C3C39E8B2876E1AB003726A5 /* QuizApp */ = {
			isa = PBXNativeTarget;
			buildConfigurationList = C3C39EA02876E1AF003726A5 /* Build configuration list for PBXNativeTarget "QuizApp" */;
			buildPhases = (
				C3C39E882876E1AB003726A5 /* Sources */,
				C3C39E892876E1AB003726A5 /* Frameworks */,
				C3C39E8A2876E1AB003726A5 /* Resources */,
				C3C39EA32876FF42003726A5 /* ShellScript */,
			);
			buildRules = (
			);
			dependencies = (
			);
			name = QuizApp;
			packageProductDependencies = (
				C3C39EA7287811E8003726A5 /* SnapKit */,
				C3157317288151F900C911D0 /* Keychain */,
			);
			productName = QuizApp;
			productReference = C3C39E8C2876E1AB003726A5 /* QuizApp.app */;
			productType = "com.apple.product-type.application";
		};
/* End PBXNativeTarget section */

/* Begin PBXProject section */
		C3C39E842876E1AB003726A5 /* Project object */ = {
			isa = PBXProject;
			attributes = {
				BuildIndependentTargetsInParallel = 1;
				LastSwiftUpdateCheck = 1340;
				LastUpgradeCheck = 1340;
				TargetAttributes = {
					C3C39E8B2876E1AB003726A5 = {
						CreatedOnToolsVersion = 13.4.1;
					};
				};
			};
			buildConfigurationList = C3C39E872876E1AB003726A5 /* Build configuration list for PBXProject "QuizApp" */;
			compatibilityVersion = "Xcode 13.0";
			developmentRegion = en;
			hasScannedForEncodings = 0;
			knownRegions = (
				en,
				Base,
			);
			mainGroup = C3C39E832876E1AB003726A5;
			packageReferences = (
				C3C39EA6287811E8003726A5 /* XCRemoteSwiftPackageReference "SnapKit" */,
				C3157316288151F900C911D0 /* XCRemoteSwiftPackageReference "Keychain.swift" */,
			);
			productRefGroup = C3C39E8D2876E1AB003726A5 /* Products */;
			projectDirPath = "";
			projectRoot = "";
			targets = (
				C3C39E8B2876E1AB003726A5 /* QuizApp */,
			);
		};
/* End PBXProject section */

/* Begin PBXResourcesBuildPhase section */
		C3C39E8A2876E1AB003726A5 /* Resources */ = {
			isa = PBXResourcesBuildPhase;
			buildActionMask = 2147483647;
			files = (
				C3C39E9C2876E1AF003726A5 /* LaunchScreen.storyboard in Resources */,
				C3C39E992876E1AF003726A5 /* Assets.xcassets in Resources */,
			);
			runOnlyForDeploymentPostprocessing = 0;
		};
/* End PBXResourcesBuildPhase section */

/* Begin PBXShellScriptBuildPhase section */
		C3C39EA32876FF42003726A5 /* ShellScript */ = {
			isa = PBXShellScriptBuildPhase;
			buildActionMask = 2147483647;
			files = (
			);
			inputFileListPaths = (
			);
			inputPaths = (
			);
			outputFileListPaths = (
			);
			outputPaths = (
			);
			runOnlyForDeploymentPostprocessing = 0;
			shellPath = /bin/sh;
			shellScript = "if which swiftlint >/dev/null; then\n  swiftlint\nelse\n  echo \"warning: SwiftLint not installed, download from https://github.com/realm/SwiftLint\"\nfi\n";
		};
/* End PBXShellScriptBuildPhase section */

/* Begin PBXSourcesBuildPhase section */
		C3C39E882876E1AB003726A5 /* Sources */ = {
			isa = PBXSourcesBuildPhase;
			buildActionMask = 2147483647;
			files = (
				C3238AF6288ED0DA005A8DEC /* UserUseCaseProtocol.swift in Sources */,
				C354B509287C0D4E000869CC /* LoginViewModel.swift in Sources */,
				C3238AF1288ECE8F005A8DEC /* UserViewModel.swift in Sources */,
				C31573312881B92800C911D0 /* LoginUseCaseProtocol.swift in Sources */,
				C354B511287D6189000869CC /* LoginResponse.swift in Sources */,
				C315731C28815A3900C911D0 /* AccessToken.swift in Sources */,
				C315731428814F7600C911D0 /* LoginInputView.swift in Sources */,
				C3238AF4288ED0C6005A8DEC /* UserUseCase.swift in Sources */,
				C38A29752880531F00DD7EB9 /* AppDependencies.swift in Sources */,
				C31573202881680700C911D0 /* UserViewController.swift in Sources */,
				C354B515287D9FCA000869CC /* ConstructViewsProtocol.swift in Sources */,
				C31573292881A19A00C911D0 /* LoginDataSource.swift in Sources */,
				C3C39EA528772F30003726A5 /* LoginViewController.swift in Sources */,
				C315732F2881B3B800C911D0 /* LoginDataSourceProtocol.swift in Sources */,
				C354B50B287C5CB2000869CC /* AppRouter.swift in Sources */,
				C38A296F288016C300DD7EB9 /* KeychainService.swift in Sources */,
				C354B513287D9C0E000869CC /* CustomTextFieldType.swift in Sources */,
				C315731A2881543900C911D0 /* KeychainServiceProtocol.swift in Sources */,
				C315732D2881B02500C911D0 /* TokenError.swift in Sources */,
				C3C39E902876E1AB003726A5 /* AppDelegate.swift in Sources */,
				C3C39E922876E1AB003726A5 /* SceneDelegate.swift in Sources */,
				C354B50F287D5A84000869CC /* UserClient.swift in Sources */,
				C361D7BB287EFF1300C8C509 /* RequestError.swift in Sources */,
				C3157334288EBBAE00C911D0 /* QuizViewController.swift in Sources */,
				C361D7BD287F049400C8C509 /* UserClientProtocol.swift in Sources */,
				C315732428819CA700C911D0 /* LoginUseCase.swift in Sources */,
			);
			runOnlyForDeploymentPostprocessing = 0;
		};
/* End PBXSourcesBuildPhase section */

/* Begin PBXVariantGroup section */
		C3C39E9A2876E1AF003726A5 /* LaunchScreen.storyboard */ = {
			isa = PBXVariantGroup;
			children = (
				C3C39E9B2876E1AF003726A5 /* Base */,
			);
			name = LaunchScreen.storyboard;
			sourceTree = "<group>";
		};
/* End PBXVariantGroup section */

/* Begin XCBuildConfiguration section */
		C3C39E9E2876E1AF003726A5 /* Debug */ = {
			isa = XCBuildConfiguration;
			buildSettings = {
				ALWAYS_SEARCH_USER_PATHS = NO;
				CLANG_ANALYZER_NONNULL = YES;
				CLANG_ANALYZER_NUMBER_OBJECT_CONVERSION = YES_AGGRESSIVE;
				CLANG_CXX_LANGUAGE_STANDARD = "gnu++17";
				CLANG_ENABLE_MODULES = YES;
				CLANG_ENABLE_OBJC_ARC = YES;
				CLANG_ENABLE_OBJC_WEAK = YES;
				CLANG_WARN_BLOCK_CAPTURE_AUTORELEASING = YES;
				CLANG_WARN_BOOL_CONVERSION = YES;
				CLANG_WARN_COMMA = YES;
				CLANG_WARN_CONSTANT_CONVERSION = YES;
				CLANG_WARN_DEPRECATED_OBJC_IMPLEMENTATIONS = YES;
				CLANG_WARN_DIRECT_OBJC_ISA_USAGE = YES_ERROR;
				CLANG_WARN_DOCUMENTATION_COMMENTS = YES;
				CLANG_WARN_EMPTY_BODY = YES;
				CLANG_WARN_ENUM_CONVERSION = YES;
				CLANG_WARN_INFINITE_RECURSION = YES;
				CLANG_WARN_INT_CONVERSION = YES;
				CLANG_WARN_NON_LITERAL_NULL_CONVERSION = YES;
				CLANG_WARN_OBJC_IMPLICIT_RETAIN_SELF = YES;
				CLANG_WARN_OBJC_LITERAL_CONVERSION = YES;
				CLANG_WARN_OBJC_ROOT_CLASS = YES_ERROR;
				CLANG_WARN_QUOTED_INCLUDE_IN_FRAMEWORK_HEADER = YES;
				CLANG_WARN_RANGE_LOOP_ANALYSIS = YES;
				CLANG_WARN_STRICT_PROTOTYPES = YES;
				CLANG_WARN_SUSPICIOUS_MOVE = YES;
				CLANG_WARN_UNGUARDED_AVAILABILITY = YES_AGGRESSIVE;
				CLANG_WARN_UNREACHABLE_CODE = YES;
				CLANG_WARN__DUPLICATE_METHOD_MATCH = YES;
				COPY_PHASE_STRIP = NO;
				DEBUG_INFORMATION_FORMAT = dwarf;
				ENABLE_STRICT_OBJC_MSGSEND = YES;
				ENABLE_TESTABILITY = YES;
				GCC_C_LANGUAGE_STANDARD = gnu11;
				GCC_DYNAMIC_NO_PIC = NO;
				GCC_NO_COMMON_BLOCKS = YES;
				GCC_OPTIMIZATION_LEVEL = 0;
				GCC_PREPROCESSOR_DEFINITIONS = (
					"DEBUG=1",
					"$(inherited)",
				);
				GCC_WARN_64_TO_32_BIT_CONVERSION = YES;
				GCC_WARN_ABOUT_RETURN_TYPE = YES_ERROR;
				GCC_WARN_UNDECLARED_SELECTOR = YES;
				GCC_WARN_UNINITIALIZED_AUTOS = YES_AGGRESSIVE;
				GCC_WARN_UNUSED_FUNCTION = YES;
				GCC_WARN_UNUSED_VARIABLE = YES;
				IPHONEOS_DEPLOYMENT_TARGET = 15.0;
				MTL_ENABLE_DEBUG_INFO = INCLUDE_SOURCE;
				MTL_FAST_MATH = YES;
				ONLY_ACTIVE_ARCH = YES;
				SDKROOT = iphoneos;
				SWIFT_ACTIVE_COMPILATION_CONDITIONS = DEBUG;
				SWIFT_OPTIMIZATION_LEVEL = "-Onone";
			};
			name = Debug;
		};
		C3C39E9F2876E1AF003726A5 /* Release */ = {
			isa = XCBuildConfiguration;
			buildSettings = {
				ALWAYS_SEARCH_USER_PATHS = NO;
				CLANG_ANALYZER_NONNULL = YES;
				CLANG_ANALYZER_NUMBER_OBJECT_CONVERSION = YES_AGGRESSIVE;
				CLANG_CXX_LANGUAGE_STANDARD = "gnu++17";
				CLANG_ENABLE_MODULES = YES;
				CLANG_ENABLE_OBJC_ARC = YES;
				CLANG_ENABLE_OBJC_WEAK = YES;
				CLANG_WARN_BLOCK_CAPTURE_AUTORELEASING = YES;
				CLANG_WARN_BOOL_CONVERSION = YES;
				CLANG_WARN_COMMA = YES;
				CLANG_WARN_CONSTANT_CONVERSION = YES;
				CLANG_WARN_DEPRECATED_OBJC_IMPLEMENTATIONS = YES;
				CLANG_WARN_DIRECT_OBJC_ISA_USAGE = YES_ERROR;
				CLANG_WARN_DOCUMENTATION_COMMENTS = YES;
				CLANG_WARN_EMPTY_BODY = YES;
				CLANG_WARN_ENUM_CONVERSION = YES;
				CLANG_WARN_INFINITE_RECURSION = YES;
				CLANG_WARN_INT_CONVERSION = YES;
				CLANG_WARN_NON_LITERAL_NULL_CONVERSION = YES;
				CLANG_WARN_OBJC_IMPLICIT_RETAIN_SELF = YES;
				CLANG_WARN_OBJC_LITERAL_CONVERSION = YES;
				CLANG_WARN_OBJC_ROOT_CLASS = YES_ERROR;
				CLANG_WARN_QUOTED_INCLUDE_IN_FRAMEWORK_HEADER = YES;
				CLANG_WARN_RANGE_LOOP_ANALYSIS = YES;
				CLANG_WARN_STRICT_PROTOTYPES = YES;
				CLANG_WARN_SUSPICIOUS_MOVE = YES;
				CLANG_WARN_UNGUARDED_AVAILABILITY = YES_AGGRESSIVE;
				CLANG_WARN_UNREACHABLE_CODE = YES;
				CLANG_WARN__DUPLICATE_METHOD_MATCH = YES;
				COPY_PHASE_STRIP = NO;
				DEBUG_INFORMATION_FORMAT = "dwarf-with-dsym";
				ENABLE_NS_ASSERTIONS = NO;
				ENABLE_STRICT_OBJC_MSGSEND = YES;
				GCC_C_LANGUAGE_STANDARD = gnu11;
				GCC_NO_COMMON_BLOCKS = YES;
				GCC_WARN_64_TO_32_BIT_CONVERSION = YES;
				GCC_WARN_ABOUT_RETURN_TYPE = YES_ERROR;
				GCC_WARN_UNDECLARED_SELECTOR = YES;
				GCC_WARN_UNINITIALIZED_AUTOS = YES_AGGRESSIVE;
				GCC_WARN_UNUSED_FUNCTION = YES;
				GCC_WARN_UNUSED_VARIABLE = YES;
				IPHONEOS_DEPLOYMENT_TARGET = 15.0;
				MTL_ENABLE_DEBUG_INFO = NO;
				MTL_FAST_MATH = YES;
				SDKROOT = iphoneos;
				SWIFT_COMPILATION_MODE = wholemodule;
				SWIFT_OPTIMIZATION_LEVEL = "-O";
				VALIDATE_PRODUCT = YES;
			};
			name = Release;
		};
		C3C39EA12876E1AF003726A5 /* Debug */ = {
			isa = XCBuildConfiguration;
			buildSettings = {
				ASSETCATALOG_COMPILER_APPICON_NAME = AppIcon;
				ASSETCATALOG_COMPILER_GLOBAL_ACCENT_COLOR_NAME = AccentColor;
				CODE_SIGN_STYLE = Automatic;
				CURRENT_PROJECT_VERSION = 1;
				GENERATE_INFOPLIST_FILE = YES;
				INFOPLIST_FILE = QuizApp/Info.plist;
				INFOPLIST_KEY_UIApplicationSupportsIndirectInputEvents = YES;
				INFOPLIST_KEY_UILaunchStoryboardName = LaunchScreen;
				INFOPLIST_KEY_UISupportedInterfaceOrientations_iPad = "UIInterfaceOrientationPortrait UIInterfaceOrientationPortraitUpsideDown UIInterfaceOrientationLandscapeLeft UIInterfaceOrientationLandscapeRight";
				INFOPLIST_KEY_UISupportedInterfaceOrientations_iPhone = "UIInterfaceOrientationPortrait UIInterfaceOrientationLandscapeLeft UIInterfaceOrientationLandscapeRight";
				LD_RUNPATH_SEARCH_PATHS = (
					"$(inherited)",
					"@executable_path/Frameworks",
				);
				MARKETING_VERSION = 1.0;
				PRODUCT_BUNDLE_IDENTIFIER = hr.fer.lazar.lorena.QuizApp;
				PRODUCT_NAME = "$(TARGET_NAME)";
				SWIFT_EMIT_LOC_STRINGS = YES;
				SWIFT_VERSION = 5.0;
				TARGETED_DEVICE_FAMILY = "1,2";
			};
			name = Debug;
		};
		C3C39EA22876E1AF003726A5 /* Release */ = {
			isa = XCBuildConfiguration;
			buildSettings = {
				ASSETCATALOG_COMPILER_APPICON_NAME = AppIcon;
				ASSETCATALOG_COMPILER_GLOBAL_ACCENT_COLOR_NAME = AccentColor;
				CODE_SIGN_STYLE = Automatic;
				CURRENT_PROJECT_VERSION = 1;
				GENERATE_INFOPLIST_FILE = YES;
				INFOPLIST_FILE = QuizApp/Info.plist;
				INFOPLIST_KEY_UIApplicationSupportsIndirectInputEvents = YES;
				INFOPLIST_KEY_UILaunchStoryboardName = LaunchScreen;
				INFOPLIST_KEY_UISupportedInterfaceOrientations_iPad = "UIInterfaceOrientationPortrait UIInterfaceOrientationPortraitUpsideDown UIInterfaceOrientationLandscapeLeft UIInterfaceOrientationLandscapeRight";
				INFOPLIST_KEY_UISupportedInterfaceOrientations_iPhone = "UIInterfaceOrientationPortrait UIInterfaceOrientationLandscapeLeft UIInterfaceOrientationLandscapeRight";
				LD_RUNPATH_SEARCH_PATHS = (
					"$(inherited)",
					"@executable_path/Frameworks",
				);
				MARKETING_VERSION = 1.0;
				PRODUCT_BUNDLE_IDENTIFIER = hr.fer.lazar.lorena.QuizApp;
				PRODUCT_NAME = "$(TARGET_NAME)";
				SWIFT_EMIT_LOC_STRINGS = YES;
				SWIFT_VERSION = 5.0;
				TARGETED_DEVICE_FAMILY = "1,2";
			};
			name = Release;
		};
/* End XCBuildConfiguration section */

/* Begin XCConfigurationList section */
		C3C39E872876E1AB003726A5 /* Build configuration list for PBXProject "QuizApp" */ = {
			isa = XCConfigurationList;
			buildConfigurations = (
				C3C39E9E2876E1AF003726A5 /* Debug */,
				C3C39E9F2876E1AF003726A5 /* Release */,
			);
			defaultConfigurationIsVisible = 0;
			defaultConfigurationName = Release;
		};
		C3C39EA02876E1AF003726A5 /* Build configuration list for PBXNativeTarget "QuizApp" */ = {
			isa = XCConfigurationList;
			buildConfigurations = (
				C3C39EA12876E1AF003726A5 /* Debug */,
				C3C39EA22876E1AF003726A5 /* Release */,
			);
			defaultConfigurationIsVisible = 0;
			defaultConfigurationName = Release;
		};
/* End XCConfigurationList section */

/* Begin XCRemoteSwiftPackageReference section */
		C3157316288151F900C911D0 /* XCRemoteSwiftPackageReference "Keychain.swift" */ = {
			isa = XCRemoteSwiftPackageReference;
			repositoryURL = "https://github.com/GroupeMINASTE/Keychain.swift.git";
			requirement = {
				kind = upToNextMajorVersion;
				minimumVersion = 1.0.0;
			};
		};
		C3C39EA6287811E8003726A5 /* XCRemoteSwiftPackageReference "SnapKit" */ = {
			isa = XCRemoteSwiftPackageReference;
			repositoryURL = "https://github.com/SnapKit/SnapKit.git";
			requirement = {
				kind = upToNextMajorVersion;
				minimumVersion = 5.0.0;
			};
		};
/* End XCRemoteSwiftPackageReference section */

/* Begin XCSwiftPackageProductDependency section */
		C3157317288151F900C911D0 /* Keychain */ = {
			isa = XCSwiftPackageProductDependency;
			package = C3157316288151F900C911D0 /* XCRemoteSwiftPackageReference "Keychain.swift" */;
			productName = Keychain;
		};
		C3C39EA7287811E8003726A5 /* SnapKit */ = {
			isa = XCSwiftPackageProductDependency;
			package = C3C39EA6287811E8003726A5 /* XCRemoteSwiftPackageReference "SnapKit" */;
			productName = SnapKit;
		};
/* End XCSwiftPackageProductDependency section */
	};
	rootObject = C3C39E842876E1AB003726A5 /* Project object */;
}
